
Microsoft Visual Studio Solution File, Format Version 12.00
# Visual Studio Version 17
VisualStudioVersion = 17.13.35825.156 d17.13
MinimumVisualStudioVersion = 10.0.40219.1
Project("{FAE04EC0-301F-11D3-BF4B-00C04F79EFBC}") = "DelegatesEventsAndLINQ", "DelegatesEventsAndLINQ\DelegatesEventsAndLINQ.csproj", "{185E323C-646B-4E92-8FBB-5B0949AF0BB3}"
EndProject
Global
	GlobalSection(SolutionConfigurationPlatforms) = preSolution
		Debug|Any CPU = Debug|Any CPU
		Release|Any CPU = Release|Any CPU
	EndGlobalSection
	GlobalSection(ProjectConfigurationPlatforms) = postSolution
		{185E323C-646B-4E92-8FBB-5B0949AF0BB3}.Debug|Any CPU.ActiveCfg = Debug|Any CPU
		{185E323C-646B-4E92-8FBB-5B0949AF0BB3}.Debug|Any CPU.Build.0 = Debug|Any CPU
		{185E323C-646B-4E92-8FBB-5B0949AF0BB3}.Release|Any CPU.ActiveCfg = Release|Any CPU
		{185E323C-646B-4E92-8FBB-5B0949AF0BB3}.Release|Any CPU.Build.0 = Release|Any CPU
	EndGlobalSection
	GlobalSection(SolutionProperties) = preSolution
		HideSolutionNode = FALSE
	EndGlobalSection
	GlobalSection(ExtensibilityGlobals) = postSolution
		SolutionGuid = {C0662377-C9A9-42C9-9D23-366076F20CF4}
	EndGlobalSection
EndGlobal
